
Microsoft Visual Studio Solution File, Format Version 12.00
Project("{FAE04EC0-301F-11D3-BF4B-00C04F79EFBC}") = "BlazeHub", "BlazeHub\BlazeHub.csproj", "{E133C4E4-BA30-4D81-BAFB-A8FD18E4BDF5}"
EndProject
Global
	GlobalSection(SolutionConfigurationPlatforms) = preSolution
		Debug|Any CPU = Debug|Any CPU
		Release|Any CPU = Release|Any CPU
	EndGlobalSection
	GlobalSection(ProjectConfigurationPlatforms) = postSolution
		{E133C4E4-BA30-4D81-BAFB-A8FD18E4BDF5}.Debug|Any CPU.ActiveCfg = Debug|Any CPU
		{E133C4E4-BA30-4D81-BAFB-A8FD18E4BDF5}.Debug|Any CPU.Build.0 = Debug|Any CPU
		{E133C4E4-BA30-4D81-BAFB-A8FD18E4BDF5}.Release|Any CPU.ActiveCfg = Release|Any CPU
		{E133C4E4-BA30-4D81-BAFB-A8FD18E4BDF5}.Release|Any CPU.Build.0 = Release|Any CPU
	EndGlobalSection
EndGlobal
